
Microsoft Visual Studio Solution File, Format Version 12.00
# Visual Studio 15
VisualStudioVersion = 15.0.26228.9
MinimumVisualStudioVersion = 10.0.40219.1
Project("{FAE04EC0-301F-11D3-BF4B-00C04F79EFBC}") = "01. Day of Week", "01. Day of Week\01. Day of Week.csproj", "{702D4CA0-09A0-4679-A01F-96E11544BA9B}"
EndProject
Project("{FAE04EC0-301F-11D3-BF4B-00C04F79EFBC}") = "02. Reverse Array of Integers", "02. Reverse Array of Integers\02. Reverse Array of Integers.csproj", "{602476BF-EE4A-45F8-A545-E88316CF42A3}"
EndProject
Project("{FAE04EC0-301F-11D3-BF4B-00C04F79EFBC}") = "03. Last K Numbers Sums", "03. Last K Numbers Sums\03. Last K Numbers Sums.csproj", "{A4AF569F-5946-46CA-98F0-70C968FE11E8}"
EndProject
Project("{FAE04EC0-301F-11D3-BF4B-00C04F79EFBC}") = "04. Triple Sum", "04. Triple Sum\04. Triple Sum.csproj", "{84049788-6183-46FA-B36F-A4923A620980}"
EndProject
Project("{FAE04EC0-301F-11D3-BF4B-00C04F79EFBC}") = "05. Rounding Numbers", "05. Rounding Numbers\05. Rounding Numbers.csproj", "{9853EFA2-A643-404D-BDF6-FC0843E44D44}"
EndProject
Project("{FAE04EC0-301F-11D3-BF4B-00C04F79EFBC}") = "06. Reverse Array of Strings", "06. Reverse Array of Strings\06. Reverse Array of Strings.csproj", "{DE160B61-8560-4021-9332-4284B9DF7996}"
EndProject
Project("{FAE04EC0-301F-11D3-BF4B-00C04F79EFBC}") = "07. Sum Arrays", "07. Sum Arrays\07. Sum Arrays.csproj", "{78E6FFA9-1E32-4CB6-BA24-EF24D530C9CC}"
EndProject
Project("{FAE04EC0-301F-11D3-BF4B-00C04F79EFBC}") = "08. Condense Array to Number", "08. Condense Array to Number\08. Condense Array to Number.csproj", "{B4855D48-F6BF-4A71-887C-3CDF87B266CB}"
EndProject
Project("{FAE04EC0-301F-11D3-BF4B-00C04F79EFBC}") = "09. Extract Middle Elements", "09. Extract Middle Elements\09. Extract Middle Elements.csproj", "{93E2D88B-3763-442D-A4C4-7399DFB7EA0D}"
EndProject
Global
	GlobalSection(SolutionConfigurationPlatforms) = preSolution
		Debug|Any CPU = Debug|Any CPU
		Release|Any CPU = Release|Any CPU
	EndGlobalSection
	GlobalSection(ProjectConfigurationPlatforms) = postSolution
		{702D4CA0-09A0-4679-A01F-96E11544BA9B}.Debug|Any CPU.ActiveCfg = Debug|Any CPU
		{702D4CA0-09A0-4679-A01F-96E11544BA9B}.Debug|Any CPU.Build.0 = Debug|Any CPU
		{702D4CA0-09A0-4679-A01F-96E11544BA9B}.Release|Any CPU.ActiveCfg = Release|Any CPU
		{702D4CA0-09A0-4679-A01F-96E11544BA9B}.Release|Any CPU.Build.0 = Release|Any CPU
		{602476BF-EE4A-45F8-A545-E88316CF42A3}.Debug|Any CPU.ActiveCfg = Debug|Any CPU
		{602476BF-EE4A-45F8-A545-E88316CF42A3}.Debug|Any CPU.Build.0 = Debug|Any CPU
		{602476BF-EE4A-45F8-A545-E88316CF42A3}.Release|Any CPU.ActiveCfg = Release|Any CPU
		{602476BF-EE4A-45F8-A545-E88316CF42A3}.Release|Any CPU.Build.0 = Release|Any CPU
		{A4AF569F-5946-46CA-98F0-70C968FE11E8}.Debug|Any CPU.ActiveCfg = Debug|Any CPU
		{A4AF569F-5946-46CA-98F0-70C968FE11E8}.Debug|Any CPU.Build.0 = Debug|Any CPU
		{A4AF569F-5946-46CA-98F0-70C968FE11E8}.Release|Any CPU.ActiveCfg = Release|Any CPU
		{A4AF569F-5946-46CA-98F0-70C968FE11E8}.Release|Any CPU.Build.0 = Release|Any CPU
		{84049788-6183-46FA-B36F-A4923A620980}.Debug|Any CPU.ActiveCfg = Debug|Any CPU
		{84049788-6183-46FA-B36F-A4923A620980}.Debug|Any CPU.Build.0 = Debug|Any CPU
		{84049788-6183-46FA-B36F-A4923A620980}.Release|Any CPU.ActiveCfg = Release|Any CPU
		{84049788-6183-46FA-B36F-A4923A620980}.Release|Any CPU.Build.0 = Release|Any CPU
		{9853EFA2-A643-404D-BDF6-FC0843E44D44}.Debug|Any CPU.ActiveCfg = Debug|Any CPU
		{9853EFA2-A643-404D-BDF6-FC0843E44D44}.Debug|Any CPU.Build.0 = Debug|Any CPU
		{9853EFA2-A643-404D-BDF6-FC0843E44D44}.Release|Any CPU.ActiveCfg = Release|Any CPU
		{9853EFA2-A643-404D-BDF6-FC0843E44D44}.Release|Any CPU.Build.0 = Release|Any CPU
		{DE160B61-8560-4021-9332-4284B9DF7996}.Debug|Any CPU.ActiveCfg = Debug|Any CPU
		{DE160B61-8560-4021-9332-4284B9DF7996}.Debug|Any CPU.Build.0 = Debug|Any CPU
		{DE160B61-8560-4021-9332-4284B9DF7996}.Release|Any CPU.ActiveCfg = Release|Any CPU
		{DE160B61-8560-4021-9332-4284B9DF7996}.Release|Any CPU.Build.0 = Release|Any CPU
		{78E6FFA9-1E32-4CB6-BA24-EF24D530C9CC}.Debug|Any CPU.ActiveCfg = Debug|Any CPU
		{78E6FFA9-1E32-4CB6-BA24-EF24D530C9CC}.Debug|Any CPU.Build.0 = Debug|Any CPU
		{78E6FFA9-1E32-4CB6-BA24-EF24D530C9CC}.Release|Any CPU.ActiveCfg = Release|Any CPU
		{78E6FFA9-1E32-4CB6-BA24-EF24D530C9CC}.Release|Any CPU.Build.0 = Release|Any CPU
		{B4855D48-F6BF-4A71-887C-3CDF87B266CB}.Debug|Any CPU.ActiveCfg = Debug|Any CPU
		{B4855D48-F6BF-4A71-887C-3CDF87B266CB}.Debug|Any CPU.Build.0 = Debug|Any CPU
		{B4855D48-F6BF-4A71-887C-3CDF87B266CB}.Release|Any CPU.ActiveCfg = Release|Any CPU
		{B4855D48-F6BF-4A71-887C-3CDF87B266CB}.Release|Any CPU.Build.0 = Release|Any CPU
		{93E2D88B-3763-442D-A4C4-7399DFB7EA0D}.Debug|Any CPU.ActiveCfg = Debug|Any CPU
		{93E2D88B-3763-442D-A4C4-7399DFB7EA0D}.Debug|Any CPU.Build.0 = Debug|Any CPU
		{93E2D88B-3763-442D-A4C4-7399DFB7EA0D}.Release|Any CPU.ActiveCfg = Release|Any CPU
		{93E2D88B-3763-442D-A4C4-7399DFB7EA0D}.Release|Any CPU.Build.0 = Release|Any CPU
	EndGlobalSection
	GlobalSection(SolutionProperties) = preSolution
		HideSolutionNode = FALSE
	EndGlobalSection
EndGlobal
