
Microsoft Visual Studio Solution File, Format Version 12.00
# Visual Studio 15
VisualStudioVersion = 15.0.27130.2010
MinimumVisualStudioVersion = 10.0.40219.1
Project("{FAE04EC0-301F-11D3-BF4B-00C04F79EFBC}") = "01. Centuries to Minutes", "01. Centuries to Minutes\01. Centuries to Minutes.csproj", "{A5EA2B44-52CE-486E-98F6-C1A901E7CC3F}"
EndProject
Project("{FAE04EC0-301F-11D3-BF4B-00C04F79EFBC}") = "02. Circle Area (Precision 12)", "02. Circle Area (Precision 12)\02. Circle Area (Precision 12).csproj", "{39919160-9E8D-4AA4-9753-9DB53CCF6BBC}"
EndProject
Project("{FAE04EC0-301F-11D3-BF4B-00C04F79EFBC}") = "03. Exact Sum of Real Numbers", "03. Exact Sum of Real Numbers\03. Exact Sum of Real Numbers.csproj", "{88BC8D54-B417-425F-9A69-2D4DF0D31A4B}"
EndProject
Project("{FAE04EC0-301F-11D3-BF4B-00C04F79EFBC}") = "04. Elevator", "04. Elevator\04. Elevator.csproj", "{2226CDE0-6FB7-4B5E-AE98-91DD1A11366C}"
EndProject
Project("{FAE04EC0-301F-11D3-BF4B-00C04F79EFBC}") = "05. Special Numbers", "05. Special Numbers\05. Special Numbers.csproj", "{DEF39CEF-9AE1-4BF8-A680-B67718C50377}"
EndProject
Project("{FAE04EC0-301F-11D3-BF4B-00C04F79EFBC}") = "06. Triples of Letters", "06. Triples of Letters\06. Triples of Letters.csproj", "{8C5BFEE6-42C0-4D00-8C10-98B39539FC8D}"
EndProject
Project("{FAE04EC0-301F-11D3-BF4B-00C04F79EFBC}") = "07. Greeting", "07. Greeting\07. Greeting.csproj", "{0F98ED3F-82E1-4D57-B489-5A43F105325F}"
EndProject
Project("{FAE04EC0-301F-11D3-BF4B-00C04F79EFBC}") = "08. Refactor Volume of Pyramid", "08. Refactor Volume of Pyramid\08. Refactor Volume of Pyramid.csproj", "{FB997B50-5C0D-4B81-9511-00D97A709DCD}"
EndProject
Project("{FAE04EC0-301F-11D3-BF4B-00C04F79EFBC}") = "09. Refactor Special Numbers", "09. Refactor Special Numbers\09. Refactor Special Numbers.csproj", "{80204B4A-A81D-43D9-9993-BB8641312601}"
EndProject
Global
	GlobalSection(SolutionConfigurationPlatforms) = preSolution
		Debug|Any CPU = Debug|Any CPU
		Release|Any CPU = Release|Any CPU
	EndGlobalSection
	GlobalSection(ProjectConfigurationPlatforms) = postSolution
		{A5EA2B44-52CE-486E-98F6-C1A901E7CC3F}.Debug|Any CPU.ActiveCfg = Debug|Any CPU
		{A5EA2B44-52CE-486E-98F6-C1A901E7CC3F}.Debug|Any CPU.Build.0 = Debug|Any CPU
		{A5EA2B44-52CE-486E-98F6-C1A901E7CC3F}.Release|Any CPU.ActiveCfg = Release|Any CPU
		{A5EA2B44-52CE-486E-98F6-C1A901E7CC3F}.Release|Any CPU.Build.0 = Release|Any CPU
		{39919160-9E8D-4AA4-9753-9DB53CCF6BBC}.Debug|Any CPU.ActiveCfg = Debug|Any CPU
		{39919160-9E8D-4AA4-9753-9DB53CCF6BBC}.Debug|Any CPU.Build.0 = Debug|Any CPU
		{39919160-9E8D-4AA4-9753-9DB53CCF6BBC}.Release|Any CPU.ActiveCfg = Release|Any CPU
		{39919160-9E8D-4AA4-9753-9DB53CCF6BBC}.Release|Any CPU.Build.0 = Release|Any CPU
		{88BC8D54-B417-425F-9A69-2D4DF0D31A4B}.Debug|Any CPU.ActiveCfg = Debug|Any CPU
		{88BC8D54-B417-425F-9A69-2D4DF0D31A4B}.Debug|Any CPU.Build.0 = Debug|Any CPU
		{88BC8D54-B417-425F-9A69-2D4DF0D31A4B}.Release|Any CPU.ActiveCfg = Release|Any CPU
		{88BC8D54-B417-425F-9A69-2D4DF0D31A4B}.Release|Any CPU.Build.0 = Release|Any CPU
		{2226CDE0-6FB7-4B5E-AE98-91DD1A11366C}.Debug|Any CPU.ActiveCfg = Debug|Any CPU
		{2226CDE0-6FB7-4B5E-AE98-91DD1A11366C}.Debug|Any CPU.Build.0 = Debug|Any CPU
		{2226CDE0-6FB7-4B5E-AE98-91DD1A11366C}.Release|Any CPU.ActiveCfg = Release|Any CPU
		{2226CDE0-6FB7-4B5E-AE98-91DD1A11366C}.Release|Any CPU.Build.0 = Release|Any CPU
		{DEF39CEF-9AE1-4BF8-A680-B67718C50377}.Debug|Any CPU.ActiveCfg = Debug|Any CPU
		{DEF39CEF-9AE1-4BF8-A680-B67718C50377}.Debug|Any CPU.Build.0 = Debug|Any CPU
		{DEF39CEF-9AE1-4BF8-A680-B67718C50377}.Release|Any CPU.ActiveCfg = Release|Any CPU
		{DEF39CEF-9AE1-4BF8-A680-B67718C50377}.Release|Any CPU.Build.0 = Release|Any CPU
		{8C5BFEE6-42C0-4D00-8C10-98B39539FC8D}.Debug|Any CPU.ActiveCfg = Debug|Any CPU
		{8C5BFEE6-42C0-4D00-8C10-98B39539FC8D}.Debug|Any CPU.Build.0 = Debug|Any CPU
		{8C5BFEE6-42C0-4D00-8C10-98B39539FC8D}.Release|Any CPU.ActiveCfg = Release|Any CPU
		{8C5BFEE6-42C0-4D00-8C10-98B39539FC8D}.Release|Any CPU.Build.0 = Release|Any CPU
		{0F98ED3F-82E1-4D57-B489-5A43F105325F}.Debug|Any CPU.ActiveCfg = Debug|Any CPU
		{0F98ED3F-82E1-4D57-B489-5A43F105325F}.Debug|Any CPU.Build.0 = Debug|Any CPU
		{0F98ED3F-82E1-4D57-B489-5A43F105325F}.Release|Any CPU.ActiveCfg = Release|Any CPU
		{0F98ED3F-82E1-4D57-B489-5A43F105325F}.Release|Any CPU.Build.0 = Release|Any CPU
		{FB997B50-5C0D-4B81-9511-00D97A709DCD}.Debug|Any CPU.ActiveCfg = Debug|Any CPU
		{FB997B50-5C0D-4B81-9511-00D97A709DCD}.Debug|Any CPU.Build.0 = Debug|Any CPU
		{FB997B50-5C0D-4B81-9511-00D97A709DCD}.Release|Any CPU.ActiveCfg = Release|Any CPU
		{FB997B50-5C0D-4B81-9511-00D97A709DCD}.Release|Any CPU.Build.0 = Release|Any CPU
		{80204B4A-A81D-43D9-9993-BB8641312601}.Debug|Any CPU.ActiveCfg = Debug|Any CPU
		{80204B4A-A81D-43D9-9993-BB8641312601}.Debug|Any CPU.Build.0 = Debug|Any CPU
		{80204B4A-A81D-43D9-9993-BB8641312601}.Release|Any CPU.ActiveCfg = Release|Any CPU
		{80204B4A-A81D-43D9-9993-BB8641312601}.Release|Any CPU.Build.0 = Release|Any CPU
	EndGlobalSection
	GlobalSection(SolutionProperties) = preSolution
		HideSolutionNode = FALSE
	EndGlobalSection
	GlobalSection(ExtensibilityGlobals) = postSolution
		SolutionGuid = {FCA4219E-06EE-46A0-9441-73A365D3676A}
	EndGlobalSection
EndGlobal
